
Microsoft Visual Studio Solution File, Format Version 12.00
# Visual Studio 15
VisualStudioVersion = 15.0.27703.2035
MinimumVisualStudioVersion = 10.0.40219.1
Project("{FAE04EC0-301F-11D3-BF4B-00C04F79EFBC}") = "Pokpok", "Pokpok\Pokpok.csproj", "{28199D18-EF38-449C-9B9A-B82EC234EF4D}"
EndProject
Global
	GlobalSection(SolutionConfigurationPlatforms) = preSolution
		Debug|Any CPU = Debug|Any CPU
		Release|Any CPU = Release|Any CPU
	EndGlobalSection
	GlobalSection(ProjectConfigurationPlatforms) = postSolution
		{28199D18-EF38-449C-9B9A-B82EC234EF4D}.Debug|Any CPU.ActiveCfg = Debug|Any CPU
		{28199D18-EF38-449C-9B9A-B82EC234EF4D}.Debug|Any CPU.Build.0 = Debug|Any CPU
		{28199D18-EF38-449C-9B9A-B82EC234EF4D}.Release|Any CPU.ActiveCfg = Release|Any CPU
		{28199D18-EF38-449C-9B9A-B82EC234EF4D}.Release|Any CPU.Build.0 = Release|Any CPU
	EndGlobalSection
	GlobalSection(SolutionProperties) = preSolution
		HideSolutionNode = FALSE
	EndGlobalSection
	GlobalSection(ExtensibilityGlobals) = postSolution
		SolutionGuid = {3299554F-6F63-4727-BBF1-4F990C5BD506}
	EndGlobalSection
EndGlobal
